
Microsoft Visual Studio Solution File, Format Version 12.00
# Visual Studio Version 17
VisualStudioVersion = 17.14.36109.1 d17.14
MinimumVisualStudioVersion = 10.0.40219.1
Project("{FAE04EC0-301F-11D3-BF4B-00C04F79EFBC}") = "SistemaPagamento", "SistemaPagamento\SistemaPagamento.csproj", "{7A37380C-E6BC-46CA-A2DB-D9099D80C8A3}"
EndProject
Global
	GlobalSection(SolutionConfigurationPlatforms) = preSolution
		Debug|Any CPU = Debug|Any CPU
		Release|Any CPU = Release|Any CPU
	EndGlobalSection
	GlobalSection(ProjectConfigurationPlatforms) = postSolution
		{7A37380C-E6BC-46CA-A2DB-D9099D80C8A3}.Debug|Any CPU.ActiveCfg = Debug|Any CPU
		{7A37380C-E6BC-46CA-A2DB-D9099D80C8A3}.Debug|Any CPU.Build.0 = Debug|Any CPU
		{7A37380C-E6BC-46CA-A2DB-D9099D80C8A3}.Release|Any CPU.ActiveCfg = Release|Any CPU
		{7A37380C-E6BC-46CA-A2DB-D9099D80C8A3}.Release|Any CPU.Build.0 = Release|Any CPU
	EndGlobalSection
	GlobalSection(SolutionProperties) = preSolution
		HideSolutionNode = FALSE
	EndGlobalSection
	GlobalSection(ExtensibilityGlobals) = postSolution
		SolutionGuid = {47EDFC3D-6C2C-470D-9695-5DE738963CF1}
	EndGlobalSection
EndGlobal
